
Microsoft Visual Studio Solution File, Format Version 12.00
# Visual Studio Version 17
VisualStudioVersion = 17.0.31903.59
MinimumVisualStudioVersion = 10.0.40219.1
Project("{FAE04EC0-301F-11D3-BF4B-00C04F79EFBC}") = "Api", "Api\Api.csproj", "{D5218233-CEC1-4852-8E60-A937936D7A3B}"
EndProject
Project("{FAE04EC0-301F-11D3-BF4B-00C04F79EFBC}") = "Application", "Application\Application.csproj", "{93FA7159-76CE-466D-9DD3-A9D0A88E5ED1}"
EndProject
Project("{FAE04EC0-301F-11D3-BF4B-00C04F79EFBC}") = "Domain", "Domain\Domain.csproj", "{C077C205-42E3-4C1C-8F37-7BA34E9960C3}"
EndProject
Project("{FAE04EC0-301F-11D3-BF4B-00C04F79EFBC}") = "Infrastructure", "Infrastructure\Infrastructure.csproj", "{71331BE1-B69F-4A70-A0F5-0F54006A312C}"
EndProject
Project("{FAE04EC0-301F-11D3-BF4B-00C04F79EFBC}") = "Persistence", "Persistence\Persistence.csproj", "{E956A4E3-D2C5-4E0A-BD9B-5CDB0B289EF6}"
EndProject
Global
	GlobalSection(SolutionConfigurationPlatforms) = preSolution
		Debug|Any CPU = Debug|Any CPU
		Release|Any CPU = Release|Any CPU
	EndGlobalSection
	GlobalSection(SolutionProperties) = preSolution
		HideSolutionNode = FALSE
	EndGlobalSection
	GlobalSection(ProjectConfigurationPlatforms) = postSolution
		{D5218233-CEC1-4852-8E60-A937936D7A3B}.Debug|Any CPU.ActiveCfg = Debug|Any CPU
		{D5218233-CEC1-4852-8E60-A937936D7A3B}.Debug|Any CPU.Build.0 = Debug|Any CPU
		{D5218233-CEC1-4852-8E60-A937936D7A3B}.Release|Any CPU.ActiveCfg = Release|Any CPU
		{D5218233-CEC1-4852-8E60-A937936D7A3B}.Release|Any CPU.Build.0 = Release|Any CPU
		{93FA7159-76CE-466D-9DD3-A9D0A88E5ED1}.Debug|Any CPU.ActiveCfg = Debug|Any CPU
		{93FA7159-76CE-466D-9DD3-A9D0A88E5ED1}.Debug|Any CPU.Build.0 = Debug|Any CPU
		{93FA7159-76CE-466D-9DD3-A9D0A88E5ED1}.Release|Any CPU.ActiveCfg = Release|Any CPU
		{93FA7159-76CE-466D-9DD3-A9D0A88E5ED1}.Release|Any CPU.Build.0 = Release|Any CPU
		{C077C205-42E3-4C1C-8F37-7BA34E9960C3}.Debug|Any CPU.ActiveCfg = Debug|Any CPU
		{C077C205-42E3-4C1C-8F37-7BA34E9960C3}.Debug|Any CPU.Build.0 = Debug|Any CPU
		{C077C205-42E3-4C1C-8F37-7BA34E9960C3}.Release|Any CPU.ActiveCfg = Release|Any CPU
		{C077C205-42E3-4C1C-8F37-7BA34E9960C3}.Release|Any CPU.Build.0 = Release|Any CPU
		{71331BE1-B69F-4A70-A0F5-0F54006A312C}.Debug|Any CPU.ActiveCfg = Debug|Any CPU
		{71331BE1-B69F-4A70-A0F5-0F54006A312C}.Debug|Any CPU.Build.0 = Debug|Any CPU
		{71331BE1-B69F-4A70-A0F5-0F54006A312C}.Release|Any CPU.ActiveCfg = Release|Any CPU
		{71331BE1-B69F-4A70-A0F5-0F54006A312C}.Release|Any CPU.Build.0 = Release|Any CPU
		{E956A4E3-D2C5-4E0A-BD9B-5CDB0B289EF6}.Debug|Any CPU.ActiveCfg = Debug|Any CPU
		{E956A4E3-D2C5-4E0A-BD9B-5CDB0B289EF6}.Debug|Any CPU.Build.0 = Debug|Any CPU
		{E956A4E3-D2C5-4E0A-BD9B-5CDB0B289EF6}.Release|Any CPU.ActiveCfg = Release|Any CPU
		{E956A4E3-D2C5-4E0A-BD9B-5CDB0B289EF6}.Release|Any CPU.Build.0 = Release|Any CPU
	EndGlobalSection
EndGlobal
